
Microsoft Visual Studio Solution File, Format Version 12.00
# Visual Studio Version 16
VisualStudioVersion = 16.0.32510.428
MinimumVisualStudioVersion = 10.0.40219.1
Project("{FAE04EC0-301F-11D3-BF4B-00C04F79EFBC}") = "tierra Media", "tierra Media.csproj", "{B9CD6CD4-3DE7-44F3-9E38-288B1E13DCCA}"
EndProject
Global
	GlobalSection(SolutionConfigurationPlatforms) = preSolution
		Debug|Any CPU = Debug|Any CPU
		Release|Any CPU = Release|Any CPU
	EndGlobalSection
	GlobalSection(ProjectConfigurationPlatforms) = postSolution
		{B9CD6CD4-3DE7-44F3-9E38-288B1E13DCCA}.Debug|Any CPU.ActiveCfg = Debug|Any CPU
		{B9CD6CD4-3DE7-44F3-9E38-288B1E13DCCA}.Debug|Any CPU.Build.0 = Debug|Any CPU
		{B9CD6CD4-3DE7-44F3-9E38-288B1E13DCCA}.Release|Any CPU.ActiveCfg = Release|Any CPU
		{B9CD6CD4-3DE7-44F3-9E38-288B1E13DCCA}.Release|Any CPU.Build.0 = Release|Any CPU
	EndGlobalSection
	GlobalSection(SolutionProperties) = preSolution
		HideSolutionNode = FALSE
	EndGlobalSection
	GlobalSection(ExtensibilityGlobals) = postSolution
		SolutionGuid = {B5487409-0E54-4ACD-8B14-014D93439F8E}
	EndGlobalSection
EndGlobal
